// !$*UTF8*$!
{
	archiveVersion = 1;
	classes = {
	};
	objectVersion = 51;
	objects = {

/* Begin PBXBuildFile section */
		335E0A00245C473A00131CBF /* SettingController.swift in Sources */ = {isa = PBXBuildFile; fileRef = 335E09FF245C473A00131CBF /* SettingController.swift */; };
		335E0A02245C687400131CBF /* DownloadCell.swift in Sources */ = {isa = PBXBuildFile; fileRef = 335E0A01245C687400131CBF /* DownloadCell.swift */; };
		336CE61024556226008DC7B2 /* FindController.swift in Sources */ = {isa = PBXBuildFile; fileRef = 336CE60F24556226008DC7B2 /* FindController.swift */; };
		336CE612245563B2008DC7B2 /* StoreInfoCell.swift in Sources */ = {isa = PBXBuildFile; fileRef = 336CE611245563B2008DC7B2 /* StoreInfoCell.swift */; };
		3390CCA7244BE5AB004586AE /* AppDelegate.swift in Sources */ = {isa = PBXBuildFile; fileRef = 3390CCA6244BE5AB004586AE /* AppDelegate.swift */; };
		3390CCA9244BE5AB004586AE /* SceneDelegate.swift in Sources */ = {isa = PBXBuildFile; fileRef = 3390CCA8244BE5AB004586AE /* SceneDelegate.swift */; };
		3390CCAB244BE5AB004586AE /* ViewController.swift in Sources */ = {isa = PBXBuildFile; fileRef = 3390CCAA244BE5AB004586AE /* ViewController.swift */; };
		3390CCAE244BE5AB004586AE /* Main.storyboard in Resources */ = {isa = PBXBuildFile; fileRef = 3390CCAC244BE5AB004586AE /* Main.storyboard */; };
		3390CCB0244BE5AC004586AE /* Assets.xcassets in Resources */ = {isa = PBXBuildFile; fileRef = 3390CCAF244BE5AC004586AE /* Assets.xcassets */; };
		3390CCB3244BE5AC004586AE /* LaunchScreen.storyboard in Resources */ = {isa = PBXBuildFile; fileRef = 3390CCB1244BE5AC004586AE /* LaunchScreen.storyboard */; };
		33E3C98B2472B18D002E28B4 /* CustomizedTabBar.swift in Sources */ = {isa = PBXBuildFile; fileRef = 33E3C98A2472B18D002E28B4 /* CustomizedTabBar.swift */; };
		33E3C98D2472B1AE002E28B4 /* MyTabBarController.swift in Sources */ = {isa = PBXBuildFile; fileRef = 33E3C98C2472B1AE002E28B4 /* MyTabBarController.swift */; };
		D7B718CBA66462DB9F8C06AB /* Pods_LocalCurrency.framework in Frameworks */ = {isa = PBXBuildFile; fileRef = 02D535B9C5347A896655E565 /* Pods_LocalCurrency.framework */; };
/* End PBXBuildFile section */

/* Begin PBXFileReference section */
		02D535B9C5347A896655E565 /* Pods_LocalCurrency.framework */ = {isa = PBXFileReference; explicitFileType = wrapper.framework; includeInIndex = 0; path = Pods_LocalCurrency.framework; sourceTree = BUILT_PRODUCTS_DIR; };
		335E09FF245C473A00131CBF /* SettingController.swift */ = {isa = PBXFileReference; lastKnownFileType = sourcecode.swift; path = SettingController.swift; sourceTree = "<group>"; };
		335E0A01245C687400131CBF /* DownloadCell.swift */ = {isa = PBXFileReference; lastKnownFileType = sourcecode.swift; path = DownloadCell.swift; sourceTree = "<group>"; };
		336CE60F24556226008DC7B2 /* FindController.swift */ = {isa = PBXFileReference; lastKnownFileType = sourcecode.swift; path = FindController.swift; sourceTree = "<group>"; };
		336CE611245563B2008DC7B2 /* StoreInfoCell.swift */ = {isa = PBXFileReference; lastKnownFileType = sourcecode.swift; path = StoreInfoCell.swift; sourceTree = "<group>"; };
		3390CCA3244BE5AB004586AE /* LocalCurrency.app */ = {isa = PBXFileReference; explicitFileType = wrapper.application; includeInIndex = 0; path = LocalCurrency.app; sourceTree = BUILT_PRODUCTS_DIR; };
		3390CCA6244BE5AB004586AE /* AppDelegate.swift */ = {isa = PBXFileReference; lastKnownFileType = sourcecode.swift; path = AppDelegate.swift; sourceTree = "<group>"; };
		3390CCA8244BE5AB004586AE /* SceneDelegate.swift */ = {isa = PBXFileReference; lastKnownFileType = sourcecode.swift; path = SceneDelegate.swift; sourceTree = "<group>"; };
		3390CCAA244BE5AB004586AE /* ViewController.swift */ = {isa = PBXFileReference; lastKnownFileType = sourcecode.swift; path = ViewController.swift; sourceTree = "<group>"; };
		3390CCAD244BE5AB004586AE /* Base */ = {isa = PBXFileReference; lastKnownFileType = file.storyboard; name = Base; path = Base.lproj/Main.storyboard; sourceTree = "<group>"; };
		3390CCAF244BE5AC004586AE /* Assets.xcassets */ = {isa = PBXFileReference; lastKnownFileType = folder.assetcatalog; path = Assets.xcassets; sourceTree = "<group>"; };
		3390CCB2244BE5AC004586AE /* Base */ = {isa = PBXFileReference; lastKnownFileType = file.storyboard; name = Base; path = Base.lproj/LaunchScreen.storyboard; sourceTree = "<group>"; };
		3390CCB4244BE5AC004586AE /* Info.plist */ = {isa = PBXFileReference; lastKnownFileType = text.plist.xml; path = Info.plist; sourceTree = "<group>"; };
		33E3C98A2472B18D002E28B4 /* CustomizedTabBar.swift */ = {isa = PBXFileReference; lastKnownFileType = sourcecode.swift; path = CustomizedTabBar.swift; sourceTree = "<group>"; };
		33E3C98C2472B1AE002E28B4 /* MyTabBarController.swift */ = {isa = PBXFileReference; lastKnownFileType = sourcecode.swift; path = MyTabBarController.swift; sourceTree = "<group>"; };
		9B1CE7D1E1AFB23732462324 /* Pods-LocalCurrency.release.xcconfig */ = {isa = PBXFileReference; includeInIndex = 1; lastKnownFileType = text.xcconfig; name = "Pods-LocalCurrency.release.xcconfig"; path = "Target Support Files/Pods-LocalCurrency/Pods-LocalCurrency.release.xcconfig"; sourceTree = "<group>"; };
		F32018D56970A4F5F1AB52B8 /* Pods-LocalCurrency.debug.xcconfig */ = {isa = PBXFileReference; includeInIndex = 1; lastKnownFileType = text.xcconfig; name = "Pods-LocalCurrency.debug.xcconfig"; path = "Target Support Files/Pods-LocalCurrency/Pods-LocalCurrency.debug.xcconfig"; sourceTree = "<group>"; };
/* End PBXFileReference section */

/* Begin PBXFrameworksBuildPhase section */
		3390CCA0244BE5AB004586AE /* Frameworks */ = {
			isa = PBXFrameworksBuildPhase;
			buildActionMask = 2147483647;
			files = (
				D7B718CBA66462DB9F8C06AB /* Pods_LocalCurrency.framework in Frameworks */,
			);
			runOnlyForDeploymentPostprocessing = 0;
		};
/* End PBXFrameworksBuildPhase section */

/* Begin PBXGroup section */
		1B81A05D840B8F6B4EDAA19A /* Pods */ = {
			isa = PBXGroup;
			children = (
				F32018D56970A4F5F1AB52B8 /* Pods-LocalCurrency.debug.xcconfig */,
				9B1CE7D1E1AFB23732462324 /* Pods-LocalCurrency.release.xcconfig */,
			);
			path = Pods;
			sourceTree = "<group>";
		};
		3390CC9A244BE5AB004586AE = {
			isa = PBXGroup;
			children = (
				3390CCA5244BE5AB004586AE /* LocalCurrency */,
				3390CCA4244BE5AB004586AE /* Products */,
				1B81A05D840B8F6B4EDAA19A /* Pods */,
				C5765F7B15DF48A10B764BD2 /* Frameworks */,
			);
			sourceTree = "<group>";
		};
		3390CCA4244BE5AB004586AE /* Products */ = {
			isa = PBXGroup;
			children = (
				3390CCA3244BE5AB004586AE /* LocalCurrency.app */,
			);
			name = Products;
			sourceTree = "<group>";
		};
		3390CCA5244BE5AB004586AE /* LocalCurrency */ = {
			isa = PBXGroup;
			children = (
				336CE611245563B2008DC7B2 /* StoreInfoCell.swift */,
				335E0A01245C687400131CBF /* DownloadCell.swift */,
				3390CCA6244BE5AB004586AE /* AppDelegate.swift */,
				3390CCA8244BE5AB004586AE /* SceneDelegate.swift */,
				3390CCAA244BE5AB004586AE /* ViewController.swift */,
				336CE60F24556226008DC7B2 /* FindController.swift */,
				335E09FF245C473A00131CBF /* SettingController.swift */,
				3390CCAC244BE5AB004586AE /* Main.storyboard */,
				3390CCAF244BE5AC004586AE /* Assets.xcassets */,
				3390CCB1244BE5AC004586AE /* LaunchScreen.storyboard */,
				3390CCB4244BE5AC004586AE /* Info.plist */,
				33E3C98A2472B18D002E28B4 /* CustomizedTabBar.swift */,
				33E3C98C2472B1AE002E28B4 /* MyTabBarController.swift */,
			);
			path = LocalCurrency;
			sourceTree = "<group>";
		};
		C5765F7B15DF48A10B764BD2 /* Frameworks */ = {
			isa = PBXGroup;
			children = (
				02D535B9C5347A896655E565 /* Pods_LocalCurrency.framework */,
			);
			name = Frameworks;
			sourceTree = "<group>";
		};
/* End PBXGroup section */

/* Begin PBXNativeTarget section */
		3390CCA2244BE5AB004586AE /* LocalCurrency */ = {
			isa = PBXNativeTarget;
			buildConfigurationList = 3390CCB7244BE5AC004586AE /* Build configuration list for PBXNativeTarget "LocalCurrency" */;
			buildPhases = (
				B1B2393639E6258951153A4E /* [CP] Check Pods Manifest.lock */,
				3390CC9F244BE5AB004586AE /* Sources */,
				3390CCA0244BE5AB004586AE /* Frameworks */,
				3390CCA1244BE5AB004586AE /* Resources */,
				EEC915CC36D4D7162BA2D761 /* [CP] Embed Pods Frameworks */,
			);
			buildRules = (
			);
			dependencies = (
			);
			name = LocalCurrency;
			productName = LocalCurrency;
			productReference = 3390CCA3244BE5AB004586AE /* LocalCurrency.app */;
			productType = "com.apple.product-type.application";
		};
/* End PBXNativeTarget section */

/* Begin PBXProject section */
		3390CC9B244BE5AB004586AE /* Project object */ = {
			isa = PBXProject;
			attributes = {
				LastSwiftUpdateCheck = 1130;
				LastUpgradeCheck = 1130;
				ORGANIZATIONNAME = SIMPARK;
				TargetAttributes = {
					3390CCA2244BE5AB004586AE = {
						CreatedOnToolsVersion = 11.3;
					};
				};
			};
			buildConfigurationList = 3390CC9E244BE5AB004586AE /* Build configuration list for PBXProject "LocalCurrency" */;
			compatibilityVersion = "Xcode 9.3";
			developmentRegion = en;
			hasScannedForEncodings = 0;
			knownRegions = (
				en,
				Base,
			);
			mainGroup = 3390CC9A244BE5AB004586AE;
			productRefGroup = 3390CCA4244BE5AB004586AE /* Products */;
			projectDirPath = "";
			projectRoot = "";
			targets = (
				3390CCA2244BE5AB004586AE /* LocalCurrency */,
			);
		};
/* End PBXProject section */

/* Begin PBXResourcesBuildPhase section */
		3390CCA1244BE5AB004586AE /* Resources */ = {
			isa = PBXResourcesBuildPhase;
			buildActionMask = 2147483647;
			files = (
				3390CCB3244BE5AC004586AE /* LaunchScreen.storyboard in Resources */,
				3390CCB0244BE5AC004586AE /* Assets.xcassets in Resources */,
				3390CCAE244BE5AB004586AE /* Main.storyboard in Resources */,
			);
			runOnlyForDeploymentPostprocessing = 0;
		};
/* End PBXResourcesBuildPhase section */

/* Begin PBXShellScriptBuildPhase section */
		B1B2393639E6258951153A4E /* [CP] Check Pods Manifest.lock */ = {
			isa = PBXShellScriptBuildPhase;
			buildActionMask = 2147483647;
			files = (
			);
			inputFileListPaths = (
			);
			inputPaths = (
				"${PODS_PODFILE_DIR_PATH}/Podfile.lock",
				"${PODS_ROOT}/Manifest.lock",
			);
			name = "[CP] Check Pods Manifest.lock";
			outputFileListPaths = (
			);
			outputPaths = (
				"$(DERIVED_FILE_DIR)/Pods-LocalCurrency-checkManifestLockResult.txt",
			);
			runOnlyForDeploymentPostprocessing = 0;
			shellPath = /bin/sh;
			shellScript = "diff \"${PODS_PODFILE_DIR_PATH}/Podfile.lock\" \"${PODS_ROOT}/Manifest.lock\" > /dev/null\nif [ $? != 0 ] ; then\n    # print error to STDERR\n    echo \"error: The sandbox is not in sync with the Podfile.lock. Run 'pod install' or update your CocoaPods installation.\" >&2\n    exit 1\nfi\n# This output is used by Xcode 'outputs' to avoid re-running this script phase.\necho \"SUCCESS\" > \"${SCRIPT_OUTPUT_FILE_0}\"\n";
			showEnvVarsInLog = 0;
		};
		EEC915CC36D4D7162BA2D761 /* [CP] Embed Pods Frameworks */ = {
			isa = PBXShellScriptBuildPhase;
			buildActionMask = 2147483647;
			files = (
			);
			inputFileListPaths = (
				"${PODS_ROOT}/Target Support Files/Pods-LocalCurrency/Pods-LocalCurrency-frameworks-${CONFIGURATION}-input-files.xcfilelist",
			);
			name = "[CP] Embed Pods Frameworks";
			outputFileListPaths = (
				"${PODS_ROOT}/Target Support Files/Pods-LocalCurrency/Pods-LocalCurrency-frameworks-${CONFIGURATION}-output-files.xcfilelist",
			);
			runOnlyForDeploymentPostprocessing = 0;
			shellPath = /bin/sh;
			shellScript = "\"${PODS_ROOT}/Target Support Files/Pods-LocalCurrency/Pods-LocalCurrency-frameworks.sh\"\n";
			showEnvVarsInLog = 0;
		};
/* End PBXShellScriptBuildPhase section */

/* Begin PBXSourcesBuildPhase section */
		3390CC9F244BE5AB004586AE /* Sources */ = {
			isa = PBXSourcesBuildPhase;
			buildActionMask = 2147483647;
			files = (
				335E0A00245C473A00131CBF /* SettingController.swift in Sources */,
				336CE61024556226008DC7B2 /* FindController.swift in Sources */,
				33E3C98D2472B1AE002E28B4 /* MyTabBarController.swift in Sources */,
				3390CCAB244BE5AB004586AE /* ViewController.swift in Sources */,
				3390CCA7244BE5AB004586AE /* AppDelegate.swift in Sources */,
				33E3C98B2472B18D002E28B4 /* CustomizedTabBar.swift in Sources */,
				335E0A02245C687400131CBF /* DownloadCell.swift in Sources */,
				336CE612245563B2008DC7B2 /* StoreInfoCell.swift in Sources */,
				3390CCA9244BE5AB004586AE /* SceneDelegate.swift in Sources */,
			);
			runOnlyForDeploymentPostprocessing = 0;
		};
/* End PBXSourcesBuildPhase section */

/* Begin PBXVariantGroup section */
		3390CCAC244BE5AB004586AE /* Main.storyboard */ = {
			isa = PBXVariantGroup;
			children = (
				3390CCAD244BE5AB004586AE /* Base */,
			);
			name = Main.storyboard;
			sourceTree = "<group>";
		};
		3390CCB1244BE5AC004586AE /* LaunchScreen.storyboard */ = {
			isa = PBXVariantGroup;
			children = (
				3390CCB2244BE5AC004586AE /* Base */,
			);
			name = LaunchScreen.storyboard;
			sourceTree = "<group>";
		};
/* End PBXVariantGroup section */

/* Begin XCBuildConfiguration section */
		3390CCB5244BE5AC004586AE /* Debug */ = {
			isa = XCBuildConfiguration;
			buildSettings = {
				ALWAYS_SEARCH_USER_PATHS = NO;
				CLANG_ANALYZER_NONNULL = YES;
				CLANG_ANALYZER_NUMBER_OBJECT_CONVERSION = YES_AGGRESSIVE;
				CLANG_CXX_LANGUAGE_STANDARD = "gnu++14";
				CLANG_CXX_LIBRARY = "libc++";
				CLANG_ENABLE_MODULES = YES;
				CLANG_ENABLE_OBJC_ARC = YES;
				CLANG_ENABLE_OBJC_WEAK = YES;
				CLANG_WARN_BLOCK_CAPTURE_AUTORELEASING = YES;
				CLANG_WARN_BOOL_CONVERSION = YES;
				CLANG_WARN_COMMA = YES;
				CLANG_WARN_CONSTANT_CONVERSION = YES;
				CLANG_WARN_DEPRECATED_OBJC_IMPLEMENTATIONS = YES;
				CLANG_WARN_DIRECT_OBJC_ISA_USAGE = YES_ERROR;
				CLANG_WARN_DOCUMENTATION_COMMENTS = YES;
				CLANG_WARN_EMPTY_BODY = YES;
				CLANG_WARN_ENUM_CONVERSION = YES;
				CLANG_WARN_INFINITE_RECURSION = YES;
				CLANG_WARN_INT_CONVERSION = YES;
				CLANG_WARN_NON_LITERAL_NULL_CONVERSION = YES;
				CLANG_WARN_OBJC_IMPLICIT_RETAIN_SELF = YES;
				CLANG_WARN_OBJC_LITERAL_CONVERSION = YES;
				CLANG_WARN_OBJC_ROOT_CLASS = YES_ERROR;
				CLANG_WARN_RANGE_LOOP_ANALYSIS = YES;
				CLANG_WARN_STRICT_PROTOTYPES = YES;
				CLANG_WARN_SUSPICIOUS_MOVE = YES;
				CLANG_WARN_UNGUARDED_AVAILABILITY = YES_AGGRESSIVE;
				CLANG_WARN_UNREACHABLE_CODE = YES;
				CLANG_WARN__DUPLICATE_METHOD_MATCH = YES;
				COPY_PHASE_STRIP = NO;
				DEBUG_INFORMATION_FORMAT = dwarf;
				ENABLE_STRICT_OBJC_MSGSEND = YES;
				ENABLE_TESTABILITY = YES;
				GCC_C_LANGUAGE_STANDARD = gnu11;
				GCC_DYNAMIC_NO_PIC = NO;
				GCC_NO_COMMON_BLOCKS = YES;
				GCC_OPTIMIZATION_LEVEL = 0;
				GCC_PREPROCESSOR_DEFINITIONS = (
					"DEBUG=1",
					"$(inherited)",
				);
				GCC_WARN_64_TO_32_BIT_CONVERSION = YES;
				GCC_WARN_ABOUT_RETURN_TYPE = YES_ERROR;
				GCC_WARN_UNDECLARED_SELECTOR = YES;
				GCC_WARN_UNINITIALIZED_AUTOS = YES_AGGRESSIVE;
				GCC_WARN_UNUSED_FUNCTION = YES;
				GCC_WARN_UNUSED_VARIABLE = YES;
				IPHONEOS_DEPLOYMENT_TARGET = 13.2;
				MTL_ENABLE_DEBUG_INFO = INCLUDE_SOURCE;
				MTL_FAST_MATH = YES;
				ONLY_ACTIVE_ARCH = YES;
				SDKROOT = iphoneos;
				SWIFT_ACTIVE_COMPILATION_CONDITIONS = DEBUG;
				SWIFT_OPTIMIZATION_LEVEL = "-Onone";
			};
			name = Debug;
		};
		3390CCB6244BE5AC004586AE /* Release */ = {
			isa = XCBuildConfiguration;
			buildSettings = {
				ALWAYS_SEARCH_USER_PATHS = NO;
				CLANG_ANALYZER_NONNULL = YES;
				CLANG_ANALYZER_NUMBER_OBJECT_CONVERSION = YES_AGGRESSIVE;
				CLANG_CXX_LANGUAGE_STANDARD = "gnu++14";
				CLANG_CXX_LIBRARY = "libc++";
				CLANG_ENABLE_MODULES = YES;
				CLANG_ENABLE_OBJC_ARC = YES;
				CLANG_ENABLE_OBJC_WEAK = YES;
				CLANG_WARN_BLOCK_CAPTURE_AUTORELEASING = YES;
				CLANG_WARN_BOOL_CONVERSION = YES;
				CLANG_WARN_COMMA = YES;
				CLANG_WARN_CONSTANT_CONVERSION = YES;
				CLANG_WARN_DEPRECATED_OBJC_IMPLEMENTATIONS = YES;
				CLANG_WARN_DIRECT_OBJC_ISA_USAGE = YES_ERROR;
				CLANG_WARN_DOCUMENTATION_COMMENTS = YES;
				CLANG_WARN_EMPTY_BODY = YES;
				CLANG_WARN_ENUM_CONVERSION = YES;
				CLANG_WARN_INFINITE_RECURSION = YES;
				CLANG_WARN_INT_CONVERSION = YES;
				CLANG_WARN_NON_LITERAL_NULL_CONVERSION = YES;
				CLANG_WARN_OBJC_IMPLICIT_RETAIN_SELF = YES;
				CLANG_WARN_OBJC_LITERAL_CONVERSION = YES;
				CLANG_WARN_OBJC_ROOT_CLASS = YES_ERROR;
				CLANG_WARN_RANGE_LOOP_ANALYSIS = YES;
				CLANG_WARN_STRICT_PROTOTYPES = YES;
				CLANG_WARN_SUSPICIOUS_MOVE = YES;
				CLANG_WARN_UNGUARDED_AVAILABILITY = YES_AGGRESSIVE;
				CLANG_WARN_UNREACHABLE_CODE = YES;
				CLANG_WARN__DUPLICATE_METHOD_MATCH = YES;
				COPY_PHASE_STRIP = NO;
				DEBUG_INFORMATION_FORMAT = "dwarf-with-dsym";
				ENABLE_NS_ASSERTIONS = NO;
				ENABLE_STRICT_OBJC_MSGSEND = YES;
				GCC_C_LANGUAGE_STANDARD = gnu11;
				GCC_NO_COMMON_BLOCKS = YES;
				GCC_WARN_64_TO_32_BIT_CONVERSION = YES;
				GCC_WARN_ABOUT_RETURN_TYPE = YES_ERROR;
				GCC_WARN_UNDECLARED_SELECTOR = YES;
				GCC_WARN_UNINITIALIZED_AUTOS = YES_AGGRESSIVE;
				GCC_WARN_UNUSED_FUNCTION = YES;
				GCC_WARN_UNUSED_VARIABLE = YES;
				IPHONEOS_DEPLOYMENT_TARGET = 13.2;
				MTL_ENABLE_DEBUG_INFO = NO;
				MTL_FAST_MATH = YES;
				SDKROOT = iphoneos;
				SWIFT_COMPILATION_MODE = wholemodule;
				SWIFT_OPTIMIZATION_LEVEL = "-O";
				VALIDATE_PRODUCT = YES;
			};
			name = Release;
		};
		3390CCB8244BE5AC004586AE /* Debug */ = {
			isa = XCBuildConfiguration;
			baseConfigurationReference = F32018D56970A4F5F1AB52B8 /* Pods-LocalCurrency.debug.xcconfig */;
			buildSettings = {
				ASSETCATALOG_COMPILER_APPICON_NAME = AppIcon;
				CODE_SIGN_STYLE = Automatic;
				CURRENT_PROJECT_VERSION = 202005191;
				DEVELOPMENT_TEAM = S52PAXB444;
				INFOPLIST_FILE = LocalCurrency/Info.plist;
				LD_RUNPATH_SEARCH_PATHS = (
					"$(inherited)",
					"@executable_path/Frameworks",
				);
				MARKETING_VERSION = 1.5.2;
				PRODUCT_BUNDLE_IDENTIFIER = "com.SIMPARK-company.LocalCurrency";
				PRODUCT_NAME = "$(TARGET_NAME)";
				SWIFT_VERSION = 5.0;
				TARGETED_DEVICE_FAMILY = 1;
			};
			name = Debug;
		};
		3390CCB9244BE5AC004586AE /* Release */ = {
			isa = XCBuildConfiguration;
			baseConfigurationReference = 9B1CE7D1E1AFB23732462324 /* Pods-LocalCurrency.release.xcconfig */;
			buildSettings = {
				ASSETCATALOG_COMPILER_APPICON_NAME = AppIcon;
				CODE_SIGN_STYLE = Automatic;
				CURRENT_PROJECT_VERSION = 202005191;
				DEVELOPMENT_TEAM = S52PAXB444;
				INFOPLIST_FILE = LocalCurrency/Info.plist;
				LD_RUNPATH_SEARCH_PATHS = (
					"$(inherited)",
					"@executable_path/Frameworks",
				);
				MARKETING_VERSION = 1.5.2;
				PRODUCT_BUNDLE_IDENTIFIER = "com.SIMPARK-company.LocalCurrency";
				PRODUCT_NAME = "$(TARGET_NAME)";
				SWIFT_VERSION = 5.0;
				TARGETED_DEVICE_FAMILY = 1;
			};
			name = Release;
		};
/* End XCBuildConfiguration section */

/* Begin XCConfigurationList section */
		3390CC9E244BE5AB004586AE /* Build configuration list for PBXProject "LocalCurrency" */ = {
			isa = XCConfigurationList;
			buildConfigurations = (
				3390CCB5244BE5AC004586AE /* Debug */,
				3390CCB6244BE5AC004586AE /* Release */,
			);
			defaultConfigurationIsVisible = 0;
			defaultConfigurationName = Release;
		};
		3390CCB7244BE5AC004586AE /* Build configuration list for PBXNativeTarget "LocalCurrency" */ = {
			isa = XCConfigurationList;
			buildConfigurations = (
				3390CCB8244BE5AC004586AE /* Debug */,
				3390CCB9244BE5AC004586AE /* Release */,
			);
			defaultConfigurationIsVisible = 0;
			defaultConfigurationName = Release;
		};
/* End XCConfigurationList section */
	};
	rootObject = 3390CC9B244BE5AB004586AE /* Project object */;
}
